github.com/gomarkdown/markdown v0.0.0-20260923180740-94fc73f6b1a3 h1:tTy9EC3uLxFeMrYCOf+T4cS86imMT6kGMl7htiU907o=
github.com/gomarkdown/markdown v0.0.0-20260923180740-94fc73f6b1a3/go.mod h1:JDGcbDT52eL4fju3sZ4TeHGsQwhG9nbDV21aMyhwPoA=
golang.org/x/net v0.59.0 h1:5zfYln+w5XCxwrnMMJPufRgNoXEaGxl0wo5GqPXyues=
golang.org/x/net v0.59.0/go.mod h1:2DA/G1UfVbCpQPeWTmMPGY7Cs2PkBkwu743bVX5PIVg=
